// !$*UTF8*$!
{
	archiveVersion = 1;
	classes = {
	};
	objectVersion = 56;
	objects = {

/* Begin PBXBuildFile section */
		DBE86CD329518C99007C5EDE /* MusicBoardApp.swift in Sources */ = {isa = PBXBuildFile; fileRef = DBE86CD229518C99007C5EDE /* MusicBoardApp.swift */; };
		DBE86CD529518C99007C5EDE /* ContentView.swift in Sources */ = {isa = PBXBuildFile; fileRef = DBE86CD429518C99007C5EDE /* ContentView.swift */; };
		DBE86CD729518C9A007C5EDE /* Assets.xcassets in Resources */ = {isa = PBXBuildFile; fileRef = DBE86CD629518C9A007C5EDE /* Assets.xcassets */; };
		DBE86CDA29518C9A007C5EDE /* Preview Assets.xcassets in Resources */ = {isa = PBXBuildFile; fileRef = DBE86CD929518C9A007C5EDE /* Preview Assets.xcassets */; };
		DBE86CE029518C9A007C5EDE /* MusicBoard Watch App.app in Embed Watch Content */ = {isa = PBXBuildFile; fileRef = DBE86CDF29518C9A007C5EDE /* MusicBoard Watch App.app */; settings = {ATTRIBUTES = (RemoveHeadersOnCopy, ); }; };
		DBE86CE529518C9A007C5EDE /* MusicBoardApp.swift in Sources */ = {isa = PBXBuildFile; fileRef = DBE86CE429518C9A007C5EDE /* MusicBoardApp.swift */; };
		DBE86CE729518C9A007C5EDE /* ContentView.swift in Sources */ = {isa = PBXBuildFile; fileRef = DBE86CE629518C9A007C5EDE /* ContentView.swift */; };
		DBE86CE929518C9A007C5EDE /* Assets.xcassets in Resources */ = {isa = PBXBuildFile; fileRef = DBE86CE829518C9A007C5EDE /* Assets.xcassets */; };
		DBE86CEC29518C9A007C5EDE /* Preview Assets.xcassets in Resources */ = {isa = PBXBuildFile; fileRef = DBE86CEB29518C9A007C5EDE /* Preview Assets.xcassets */; };
/* End PBXBuildFile section */

/* Begin PBXContainerItemProxy section */
		DBE86CE129518C9A007C5EDE /* PBXContainerItemProxy */ = {
			isa = PBXContainerItemProxy;
			containerPortal = DBE86CC729518C99007C5EDE /* Project object */;
			proxyType = 1;
			remoteGlobalIDString = DBE86CDE29518C9A007C5EDE;
			remoteInfo = "MusicBoard Watch App";
		};
/* End PBXContainerItemProxy section */

/* Begin PBXCopyFilesBuildPhase section */
		DBE86CF229518C9A007C5EDE /* Embed Watch Content */ = {
			isa = PBXCopyFilesBuildPhase;
			buildActionMask = 2147483647;
			dstPath = "$(CONTENTS_FOLDER_PATH)/Watch";
			dstSubfolderSpec = 16;
			files = (
				DBE86CE029518C9A007C5EDE /* MusicBoard Watch App.app in Embed Watch Content */,
			);
			name = "Embed Watch Content";
			runOnlyForDeploymentPostprocessing = 0;
		};
/* End PBXCopyFilesBuildPhase section */

/* Begin PBXFileReference section */
		DBE86CCF29518C99007C5EDE /* MusicBoard.app */ = {isa = PBXFileReference; explicitFileType = wrapper.application; includeInIndex = 0; path = MusicBoard.app; sourceTree = BUILT_PRODUCTS_DIR; };
		DBE86CD229518C99007C5EDE /* MusicBoardApp.swift */ = {isa = PBXFileReference; lastKnownFileType = sourcecode.swift; path = MusicBoardApp.swift; sourceTree = "<group>"; };
		DBE86CD429518C99007C5EDE /* ContentView.swift */ = {isa = PBXFileReference; lastKnownFileType = sourcecode.swift; path = ContentView.swift; sourceTree = "<group>"; };
		DBE86CD629518C9A007C5EDE /* Assets.xcassets */ = {isa = PBXFileReference; lastKnownFileType = folder.assetcatalog; path = Assets.xcassets; sourceTree = "<group>"; };
		DBE86CD929518C9A007C5EDE /* Preview Assets.xcassets */ = {isa = PBXFileReference; lastKnownFileType = folder.assetcatalog; path = "Preview Assets.xcassets"; sourceTree = "<group>"; };
		DBE86CDF29518C9A007C5EDE /* MusicBoard Watch App.app */ = {isa = PBXFileReference; explicitFileType = wrapper.application; includeInIndex = 0; path = "MusicBoard Watch App.app"; sourceTree = BUILT_PRODUCTS_DIR; };
		DBE86CE429518C9A007C5EDE /* MusicBoardApp.swift */ = {isa = PBXFileReference; lastKnownFileType = sourcecode.swift; path = MusicBoardApp.swift; sourceTree = "<group>"; };
		DBE86CE629518C9A007C5EDE /* ContentView.swift */ = {isa = PBXFileReference; lastKnownFileType = sourcecode.swift; path = ContentView.swift; sourceTree = "<group>"; };
		DBE86CE829518C9A007C5EDE /* Assets.xcassets */ = {isa = PBXFileReference; lastKnownFileType = folder.assetcatalog; path = Assets.xcassets; sourceTree = "<group>"; };
		DBE86CEB29518C9A007C5EDE /* Preview Assets.xcassets */ = {isa = PBXFileReference; lastKnownFileType = folder.assetcatalog; path = "Preview Assets.xcassets"; sourceTree = "<group>"; };
/* End PBXFileReference section */

/* Begin PBXFrameworksBuildPhase section */
		DBE86CCC29518C99007C5EDE /* Frameworks */ = {
			isa = PBXFrameworksBuildPhase;
			buildActionMask = 2147483647;
			files = (
			);
			runOnlyForDeploymentPostprocessing = 0;
		};
		DBE86CDC29518C9A007C5EDE /* Frameworks */ = {
			isa = PBXFrameworksBuildPhase;
			buildActionMask = 2147483647;
			files = (
			);
			runOnlyForDeploymentPostprocessing = 0;
		};
/* End PBXFrameworksBuildPhase section */

/* Begin PBXGroup section */
		DBE86CC629518C99007C5EDE = {
			isa = PBXGroup;
			children = (
				DBE86CD129518C99007C5EDE /* MusicBoard */,
				DBE86CE329518C9A007C5EDE /* MusicBoard Watch App */,
				DBE86CD029518C99007C5EDE /* Products */,
			);
			sourceTree = "<group>";
		};
		DBE86CD029518C99007C5EDE /* Products */ = {
			isa = PBXGroup;
			children = (
				DBE86CCF29518C99007C5EDE /* MusicBoard.app */,
				DBE86CDF29518C9A007C5EDE /* MusicBoard Watch App.app */,
			);
			name = Products;
			sourceTree = "<group>";
		};
		DBE86CD129518C99007C5EDE /* MusicBoard */ = {
			isa = PBXGroup;
			children = (
				DBE86CD229518C99007C5EDE /* MusicBoardApp.swift */,
				DBE86CD429518C99007C5EDE /* ContentView.swift */,
				DBE86CD629518C9A007C5EDE /* Assets.xcassets */,
				DBE86CD829518C9A007C5EDE /* Preview Content */,
			);
			path = MusicBoard;
			sourceTree = "<group>";
		};
		DBE86CD829518C9A007C5EDE /* Preview Content */ = {
			isa = PBXGroup;
			children = (
				DBE86CD929518C9A007C5EDE /* Preview Assets.xcassets */,
			);
			path = "Preview Content";
			sourceTree = "<group>";
		};
		DBE86CE329518C9A007C5EDE /* MusicBoard Watch App */ = {
			isa = PBXGroup;
			children = (
				DBE86CE429518C9A007C5EDE /* MusicBoardApp.swift */,
				DBE86CE629518C9A007C5EDE /* ContentView.swift */,
				DBE86CE829518C9A007C5EDE /* Assets.xcassets */,
				DBE86CEA29518C9A007C5EDE /* Preview Content */,
			);
			path = "MusicBoard Watch App";
			sourceTree = "<group>";
		};
		DBE86CEA29518C9A007C5EDE /* Preview Content */ = {
			isa = PBXGroup;
			children = (
				DBE86CEB29518C9A007C5EDE /* Preview Assets.xcassets */,
			);
			path = "Preview Content";
			sourceTree = "<group>";
		};
/* End PBXGroup section */

/* Begin PBXNativeTarget section */
		DBE86CCE29518C99007C5EDE /* MusicBoard */ = {
			isa = PBXNativeTarget;
			buildConfigurationList = DBE86CF329518C9A007C5EDE /* Build configuration list for PBXNativeTarget "MusicBoard" */;
			buildPhases = (
				DBE86CCB29518C99007C5EDE /* Sources */,
				DBE86CCC29518C99007C5EDE /* Frameworks */,
				DBE86CCD29518C99007C5EDE /* Resources */,
				DBE86CF229518C9A007C5EDE /* Embed Watch Content */,
			);
			buildRules = (
			);
			dependencies = (
				DBE86CE229518C9A007C5EDE /* PBXTargetDependency */,
			);
			name = MusicBoard;
			productName = MusicBoard;
			productReference = DBE86CCF29518C99007C5EDE /* MusicBoard.app */;
			productType = "com.apple.product-type.application";
		};
		DBE86CDE29518C9A007C5EDE /* MusicBoard Watch App */ = {
			isa = PBXNativeTarget;
			buildConfigurationList = DBE86CEF29518C9A007C5EDE /* Build configuration list for PBXNativeTarget "MusicBoard Watch App" */;
			buildPhases = (
				DBE86CDB29518C9A007C5EDE /* Sources */,
				DBE86CDC29518C9A007C5EDE /* Frameworks */,
				DBE86CDD29518C9A007C5EDE /* Resources */,
			);
			buildRules = (
			);
			dependencies = (
			);
			name = "MusicBoard Watch App";
			productName = "MusicBoard Watch App";
			productReference = DBE86CDF29518C9A007C5EDE /* MusicBoard Watch App.app */;
			productType = "com.apple.product-type.application";
		};
/* End PBXNativeTarget section */

/* Begin PBXProject section */
		DBE86CC729518C99007C5EDE /* Project object */ = {
			isa = PBXProject;
			attributes = {
				BuildIndependentTargetsInParallel = 1;
				LastSwiftUpdateCheck = 1420;
				LastUpgradeCheck = 1420;
				TargetAttributes = {
					DBE86CCE29518C99007C5EDE = {
						CreatedOnToolsVersion = 14.2;
					};
					DBE86CDE29518C9A007C5EDE = {
						CreatedOnToolsVersion = 14.2;
					};
				};
			};
			buildConfigurationList = DBE86CCA29518C99007C5EDE /* Build configuration list for PBXProject "MusicBoard" */;
			compatibilityVersion = "Xcode 14.0";
			developmentRegion = en;
			hasScannedForEncodings = 0;
			knownRegions = (
				en,
				Base,
			);
			mainGroup = DBE86CC629518C99007C5EDE;
			productRefGroup = DBE86CD029518C99007C5EDE /* Products */;
			projectDirPath = "";
			projectRoot = "";
			targets = (
				DBE86CCE29518C99007C5EDE /* MusicBoard */,
				DBE86CDE29518C9A007C5EDE /* MusicBoard Watch App */,
			);
		};
/* End PBXProject section */

/* Begin PBXResourcesBuildPhase section */
		DBE86CCD29518C99007C5EDE /* Resources */ = {
			isa = PBXResourcesBuildPhase;
			buildActionMask = 2147483647;
			files = (
				DBE86CDA29518C9A007C5EDE /* Preview Assets.xcassets in Resources */,
				DBE86CD729518C9A007C5EDE /* Assets.xcassets in Resources */,
			);
			runOnlyForDeploymentPostprocessing = 0;
		};
		DBE86CDD29518C9A007C5EDE /* Resources */ = {
			isa = PBXResourcesBuildPhase;
			buildActionMask = 2147483647;
			files = (
				DBE86CEC29518C9A007C5EDE /* Preview Assets.xcassets in Resources */,
				DBE86CE929518C9A007C5EDE /* Assets.xcassets in Resources */,
			);
			runOnlyForDeploymentPostprocessing = 0;
		};
/* End PBXResourcesBuildPhase section */

/* Begin PBXSourcesBuildPhase section */
		DBE86CCB29518C99007C5EDE /* Sources */ = {
			isa = PBXSourcesBuildPhase;
			buildActionMask = 2147483647;
			files = (
				DBE86CD529518C99007C5EDE /* ContentView.swift in Sources */,
				DBE86CD329518C99007C5EDE /* MusicBoardApp.swift in Sources */,
			);
			runOnlyForDeploymentPostprocessing = 0;
		};
		DBE86CDB29518C9A007C5EDE /* Sources */ = {
			isa = PBXSourcesBuildPhase;
			buildActionMask = 2147483647;
			files = (
				DBE86CE729518C9A007C5EDE /* ContentView.swift in Sources */,
				DBE86CE529518C9A007C5EDE /* MusicBoardApp.swift in Sources */,
			);
			runOnlyForDeploymentPostprocessing = 0;
		};
/* End PBXSourcesBuildPhase section */

/* Begin PBXTargetDependency section */
		DBE86CE229518C9A007C5EDE /* PBXTargetDependency */ = {
			isa = PBXTargetDependency;
			target = DBE86CDE29518C9A007C5EDE /* MusicBoard Watch App */;
			targetProxy = DBE86CE129518C9A007C5EDE /* PBXContainerItemProxy */;
		};
/* End PBXTargetDependency section */

/* Begin XCBuildConfiguration section */
		DBE86CED29518C9A007C5EDE /* Debug */ = {
			isa = XCBuildConfiguration;
			buildSettings = {
				ALWAYS_SEARCH_USER_PATHS = NO;
				CLANG_ANALYZER_NONNULL = YES;
				CLANG_ANALYZER_NUMBER_OBJECT_CONVERSION = YES_AGGRESSIVE;
				CLANG_CXX_LANGUAGE_STANDARD = "gnu++20";
				CLANG_ENABLE_MODULES = YES;
				CLANG_ENABLE_OBJC_ARC = YES;
				CLANG_ENABLE_OBJC_WEAK = YES;
				CLANG_WARN_BLOCK_CAPTURE_AUTORELEASING = YES;
				CLANG_WARN_BOOL_CONVERSION = YES;
				CLANG_WARN_COMMA = YES;
				CLANG_WARN_CONSTANT_CONVERSION = YES;
				CLANG_WARN_DEPRECATED_OBJC_IMPLEMENTATIONS = YES;
				CLANG_WARN_DIRECT_OBJC_ISA_USAGE = YES_ERROR;
				CLANG_WARN_DOCUMENTATION_COMMENTS = YES;
				CLANG_WARN_EMPTY_BODY = YES;
				CLANG_WARN_ENUM_CONVERSION = YES;
				CLANG_WARN_INFINITE_RECURSION = YES;
				CLANG_WARN_INT_CONVERSION = YES;
				CLANG_WARN_NON_LITERAL_NULL_CONVERSION = YES;
				CLANG_WARN_OBJC_IMPLICIT_RETAIN_SELF = YES;
				CLANG_WARN_OBJC_LITERAL_CONVERSION = YES;
				CLANG_WARN_OBJC_ROOT_CLASS = YES_ERROR;
				CLANG_WARN_QUOTED_INCLUDE_IN_FRAMEWORK_HEADER = YES;
				CLANG_WARN_RANGE_LOOP_ANALYSIS = YES;
				CLANG_WARN_STRICT_PROTOTYPES = YES;
				CLANG_WARN_SUSPICIOUS_MOVE = YES;
				CLANG_WARN_UNGUARDED_AVAILABILITY = YES_AGGRESSIVE;
				CLANG_WARN_UNREACHABLE_CODE = YES;
				CLANG_WARN__DUPLICATE_METHOD_MATCH = YES;
				COPY_PHASE_STRIP = NO;
				DEBUG_INFORMATION_FORMAT = dwarf;
				ENABLE_STRICT_OBJC_MSGSEND = YES;
				ENABLE_TESTABILITY = YES;
				GCC_C_LANGUAGE_STANDARD = gnu11;
				GCC_DYNAMIC_NO_PIC = NO;
				GCC_NO_COMMON_BLOCKS = YES;
				GCC_OPTIMIZATION_LEVEL = 0;
				GCC_PREPROCESSOR_DEFINITIONS = (
					"DEBUG=1",
					"$(inherited)",
				);
				GCC_WARN_64_TO_32_BIT_CONVERSION = YES;
				GCC_WARN_ABOUT_RETURN_TYPE = YES_ERROR;
				GCC_WARN_UNDECLARED_SELECTOR = YES;
				GCC_WARN_UNINITIALIZED_AUTOS = YES_AGGRESSIVE;
				GCC_WARN_UNUSED_FUNCTION = YES;
				GCC_WARN_UNUSED_VARIABLE = YES;
				MTL_ENABLE_DEBUG_INFO = INCLUDE_SOURCE;
				MTL_FAST_MATH = YES;
				ONLY_ACTIVE_ARCH = YES;
				SWIFT_ACTIVE_COMPILATION_CONDITIONS = DEBUG;
				SWIFT_OPTIMIZATION_LEVEL = "-Onone";
			};
			name = Debug;
		};
		DBE86CEE29518C9A007C5EDE /* Release */ = {
			isa = XCBuildConfiguration;
			buildSettings = {
				ALWAYS_SEARCH_USER_PATHS = NO;
				CLANG_ANALYZER_NONNULL = YES;
				CLANG_ANALYZER_NUMBER_OBJECT_CONVERSION = YES_AGGRESSIVE;
				CLANG_CXX_LANGUAGE_STANDARD = "gnu++20";
				CLANG_ENABLE_MODULES = YES;
				CLANG_ENABLE_OBJC_ARC = YES;
				CLANG_ENABLE_OBJC_WEAK = YES;
				CLANG_WARN_BLOCK_CAPTURE_AUTORELEASING = YES;
				CLANG_WARN_BOOL_CONVERSION = YES;
				CLANG_WARN_COMMA = YES;
				CLANG_WARN_CONSTANT_CONVERSION = YES;
				CLANG_WARN_DEPRECATED_OBJC_IMPLEMENTATIONS = YES;
				CLANG_WARN_DIRECT_OBJC_ISA_USAGE = YES_ERROR;
				CLANG_WARN_DOCUMENTATION_COMMENTS = YES;
				CLANG_WARN_EMPTY_BODY = YES;
				CLANG_WARN_ENUM_CONVERSION = YES;
				CLANG_WARN_INFINITE_RECURSION = YES;
				CLANG_WARN_INT_CONVERSION = YES;
				CLANG_WARN_NON_LITERAL_NULL_CONVERSION = YES;
				CLANG_WARN_OBJC_IMPLICIT_RETAIN_SELF = YES;
				CLANG_WARN_OBJC_LITERAL_CONVERSION = YES;
				CLANG_WARN_OBJC_ROOT_CLASS = YES_ERROR;
				CLANG_WARN_QUOTED_INCLUDE_IN_FRAMEWORK_HEADER = YES;
				CLANG_WARN_RANGE_LOOP_ANALYSIS = YES;
				CLANG_WARN_STRICT_PROTOTYPES = YES;
				CLANG_WARN_SUSPICIOUS_MOVE = YES;
				CLANG_WARN_UNGUARDED_AVAILABILITY = YES_AGGRESSIVE;
				CLANG_WARN_UNREACHABLE_CODE = YES;
				CLANG_WARN__DUPLICATE_METHOD_MATCH = YES;
				COPY_PHASE_STRIP = NO;
				DEBUG_INFORMATION_FORMAT = "dwarf-with-dsym";
				ENABLE_NS_ASSERTIONS = NO;
				ENABLE_STRICT_OBJC_MSGSEND = YES;
				GCC_C_LANGUAGE_STANDARD = gnu11;
				GCC_NO_COMMON_BLOCKS = YES;
				GCC_WARN_64_TO_32_BIT_CONVERSION = YES;
				GCC_WARN_ABOUT_RETURN_TYPE = YES_ERROR;
				GCC_WARN_UNDECLARED_SELECTOR = YES;
				GCC_WARN_UNINITIALIZED_AUTOS = YES_AGGRESSIVE;
				GCC_WARN_UNUSED_FUNCTION = YES;
				GCC_WARN_UNUSED_VARIABLE = YES;
				MTL_ENABLE_DEBUG_INFO = NO;
				MTL_FAST_MATH = YES;
				SWIFT_COMPILATION_MODE = wholemodule;
				SWIFT_OPTIMIZATION_LEVEL = "-O";
			};
			name = Release;
		};
		DBE86CF029518C9A007C5EDE /* Debug */ = {
			isa = XCBuildConfiguration;
			buildSettings = {
				ASSETCATALOG_COMPILER_APPICON_NAME = AppIcon;
				ASSETCATALOG_COMPILER_GLOBAL_ACCENT_COLOR_NAME = AccentColor;
				CODE_SIGN_STYLE = Automatic;
				CURRENT_PROJECT_VERSION = 1;
				DEVELOPMENT_ASSET_PATHS = "\"MusicBoard Watch App/Preview Content\"";
				ENABLE_PREVIEWS = YES;
				GENERATE_INFOPLIST_FILE = YES;
				INFOPLIST_KEY_CFBundleDisplayName = MusicBoard;
				INFOPLIST_KEY_UISupportedInterfaceOrientations = "UIInterfaceOrientationPortrait UIInterfaceOrientationPortraitUpsideDown";
				INFOPLIST_KEY_WKCompanionAppBundleIdentifier = JimYang.MusicBoard;
				LD_RUNPATH_SEARCH_PATHS = (
					"$(inherited)",
					"@executable_path/Frameworks",
				);
				MARKETING_VERSION = 1.0;
				PRODUCT_BUNDLE_IDENTIFIER = JimYang.MusicBoard.watchkitapp;
				PRODUCT_NAME = "$(TARGET_NAME)";
				SDKROOT = watchos;
				SKIP_INSTALL = YES;
				SWIFT_EMIT_LOC_STRINGS = YES;
				SWIFT_VERSION = 5.0;
				TARGETED_DEVICE_FAMILY = 4;
				WATCHOS_DEPLOYMENT_TARGET = 9.1;
			};
			name = Debug;
		};
		DBE86CF129518C9A007C5EDE /* Release */ = {
			isa = XCBuildConfiguration;
			buildSettings = {
				ASSETCATALOG_COMPILER_APPICON_NAME = AppIcon;
				ASSETCATALOG_COMPILER_GLOBAL_ACCENT_COLOR_NAME = AccentColor;
				CODE_SIGN_STYLE = Automatic;
				CURRENT_PROJECT_VERSION = 1;
				DEVELOPMENT_ASSET_PATHS = "\"MusicBoard Watch App/Preview Content\"";
				ENABLE_PREVIEWS = YES;
				GENERATE_INFOPLIST_FILE = YES;
				INFOPLIST_KEY_CFBundleDisplayName = MusicBoard;
				INFOPLIST_KEY_UISupportedInterfaceOrientations = "UIInterfaceOrientationPortrait UIInterfaceOrientationPortraitUpsideDown";
				INFOPLIST_KEY_WKCompanionAppBundleIdentifier = JimYang.MusicBoard;
				LD_RUNPATH_SEARCH_PATHS = (
					"$(inherited)",
					"@executable_path/Frameworks",
				);
				MARKETING_VERSION = 1.0;
				PRODUCT_BUNDLE_IDENTIFIER = JimYang.MusicBoard.watchkitapp;
				PRODUCT_NAME = "$(TARGET_NAME)";
				SDKROOT = watchos;
				SKIP_INSTALL = YES;
				SWIFT_EMIT_LOC_STRINGS = YES;
				SWIFT_VERSION = 5.0;
				TARGETED_DEVICE_FAMILY = 4;
				VALIDATE_PRODUCT = YES;
				WATCHOS_DEPLOYMENT_TARGET = 9.1;
			};
			name = Release;
		};
		DBE86CF429518C9A007C5EDE /* Debug */ = {
			isa = XCBuildConfiguration;
			buildSettings = {
				ALWAYS_EMBED_SWIFT_STANDARD_LIBRARIES = YES;
				ASSETCATALOG_COMPILER_APPICON_NAME = AppIcon;
				ASSETCATALOG_COMPILER_GLOBAL_ACCENT_COLOR_NAME = AccentColor;
				CODE_SIGN_STYLE = Automatic;
				CURRENT_PROJECT_VERSION = 1;
				DEVELOPMENT_ASSET_PATHS = "\"MusicBoard/Preview Content\"";
				ENABLE_PREVIEWS = YES;
				GENERATE_INFOPLIST_FILE = YES;
				INFOPLIST_KEY_CFBundleDisplayName = MusicBoard;
				INFOPLIST_KEY_UIApplicationSceneManifest_Generation = YES;
				INFOPLIST_KEY_UIApplicationSupportsIndirectInputEvents = YES;
				INFOPLIST_KEY_UILaunchScreen_Generation = YES;
				INFOPLIST_KEY_UISupportedInterfaceOrientations_iPad = "UIInterfaceOrientationPortrait UIInterfaceOrientationPortraitUpsideDown UIInterfaceOrientationLandscapeLeft UIInterfaceOrientationLandscapeRight";
				INFOPLIST_KEY_UISupportedInterfaceOrientations_iPhone = "UIInterfaceOrientationPortrait UIInterfaceOrientationLandscapeLeft UIInterfaceOrientationLandscapeRight";
				IPHONEOS_DEPLOYMENT_TARGET = 16.2;
				LD_RUNPATH_SEARCH_PATHS = (
					"$(inherited)",
					"@executable_path/Frameworks",
				);
				MARKETING_VERSION = 1.0;
				PRODUCT_BUNDLE_IDENTIFIER = JimYang.MusicBoard;
				PRODUCT_NAME = "$(TARGET_NAME)";
				SDKROOT = iphoneos;
				SWIFT_EMIT_LOC_STRINGS = YES;
				SWIFT_VERSION = 5.0;
				TARGETED_DEVICE_FAMILY = "1,2";
			};
			name = Debug;
		};
		DBE86CF529518C9A007C5EDE /* Release */ = {
			isa = XCBuildConfiguration;
			buildSettings = {
				ALWAYS_EMBED_SWIFT_STANDARD_LIBRARIES = YES;
				ASSETCATALOG_COMPILER_APPICON_NAME = AppIcon;
				ASSETCATALOG_COMPILER_GLOBAL_ACCENT_COLOR_NAME = AccentColor;
				CODE_SIGN_STYLE = Automatic;
				CURRENT_PROJECT_VERSION = 1;
				DEVELOPMENT_ASSET_PATHS = "\"MusicBoard/Preview Content\"";
				ENABLE_PREVIEWS = YES;
				GENERATE_INFOPLIST_FILE = YES;
				INFOPLIST_KEY_CFBundleDisplayName = MusicBoard;
				INFOPLIST_KEY_UIApplicationSceneManifest_Generation = YES;
				INFOPLIST_KEY_UIApplicationSupportsIndirectInputEvents = YES;
				INFOPLIST_KEY_UILaunchScreen_Generation = YES;
				INFOPLIST_KEY_UISupportedInterfaceOrientations_iPad = "UIInterfaceOrientationPortrait UIInterfaceOrientationPortraitUpsideDown UIInterfaceOrientationLandscapeLeft UIInterfaceOrientationLandscapeRight";
				INFOPLIST_KEY_UISupportedInterfaceOrientations_iPhone = "UIInterfaceOrientationPortrait UIInterfaceOrientationLandscapeLeft UIInterfaceOrientationLandscapeRight";
				IPHONEOS_DEPLOYMENT_TARGET = 16.2;
				LD_RUNPATH_SEARCH_PATHS = (
					"$(inherited)",
					"@executable_path/Frameworks",
				);
				MARKETING_VERSION = 1.0;
				PRODUCT_BUNDLE_IDENTIFIER = JimYang.MusicBoard;
				PRODUCT_NAME = "$(TARGET_NAME)";
				SDKROOT = iphoneos;
				SWIFT_EMIT_LOC_STRINGS = YES;
				SWIFT_VERSION = 5.0;
				TARGETED_DEVICE_FAMILY = "1,2";
				VALIDATE_PRODUCT = YES;
			};
			name = Release;
		};
/* End XCBuildConfiguration section */

/* Begin XCConfigurationList section */
		DBE86CCA29518C99007C5EDE /* Build configuration list for PBXProject "MusicBoard" */ = {
			isa = XCConfigurationList;
			buildConfigurations = (
				DBE86CED29518C9A007C5EDE /* Debug */,
				DBE86CEE29518C9A007C5EDE /* Release */,
			);
			defaultConfigurationIsVisible = 0;
			defaultConfigurationName = Release;
		};
		DBE86CEF29518C9A007C5EDE /* Build configuration list for PBXNativeTarget "MusicBoard Watch App" */ = {
			isa = XCConfigurationList;
			buildConfigurations = (
				DBE86CF029518C9A007C5EDE /* Debug */,
				DBE86CF129518C9A007C5EDE /* Release */,
			);
			defaultConfigurationIsVisible = 0;
			defaultConfigurationName = Release;
		};
		DBE86CF329518C9A007C5EDE /* Build configuration list for PBXNativeTarget "MusicBoard" */ = {
			isa = XCConfigurationList;
			buildConfigurations = (
				DBE86CF429518C9A007C5EDE /* Debug */,
				DBE86CF529518C9A007C5EDE /* Release */,
			);
			defaultConfigurationIsVisible = 0;
			defaultConfigurationName = Release;
		};
/* End XCConfigurationList section */
	};
	rootObject = DBE86CC729518C99007C5EDE /* Project object */;
}
